
Microsoft Visual Studio Solution File, Format Version 12.00
# Visual Studio Version 17
VisualStudioVersion = 17.11.35312.102
MinimumVisualStudioVersion = 10.0.40219.1
Project("{FAE04EC0-301F-11D3-BF4B-00C04F79EFBC}") = "CliffWalkingQ", "CliffWalkingQ\CliffWalkingQ.csproj", "{AD9055E2-DD33-44AF-B8F5-3D3D6D229499}"
EndProject
Global
	GlobalSection(SolutionConfigurationPlatforms) = preSolution
		Debug|Any CPU = Debug|Any CPU
		Release|Any CPU = Release|Any CPU
	EndGlobalSection
	GlobalSection(ProjectConfigurationPlatforms) = postSolution
		{AD9055E2-DD33-44AF-B8F5-3D3D6D229499}.Debug|Any CPU.ActiveCfg = Debug|Any CPU
		{AD9055E2-DD33-44AF-B8F5-3D3D6D229499}.Debug|Any CPU.Build.0 = Debug|Any CPU
		{AD9055E2-DD33-44AF-B8F5-3D3D6D229499}.Release|Any CPU.ActiveCfg = Release|Any CPU
		{AD9055E2-DD33-44AF-B8F5-3D3D6D229499}.Release|Any CPU.Build.0 = Release|Any CPU
	EndGlobalSection
	GlobalSection(SolutionProperties) = preSolution
		HideSolutionNode = FALSE
	EndGlobalSection
	GlobalSection(ExtensibilityGlobals) = postSolution
		SolutionGuid = {D0644858-0B5D-4F73-90A2-142570C45C21}
	EndGlobalSection
EndGlobal
